
Microsoft Visual Studio Solution File, Format Version 12.00
# Visual Studio Version 17
VisualStudioVersion = 17.7.34202.233
MinimumVisualStudioVersion = 10.0.40219.1
Project("{FAE04EC0-301F-11D3-BF4B-00C04F79EFBC}") = "OpenIddict.AuthorizationServer", "OpenIddict.AuthorizationServer\OpenIddict.AuthorizationServer.csproj", "{A28E618A-AB99-465C-A30F-770ACD2F6D2F}"
EndProject
Project("{FAE04EC0-301F-11D3-BF4B-00C04F79EFBC}") = "API1", "API1\API1.csproj", "{F6CEBE18-2C90-473D-A2AB-C1EF0255A608}"
EndProject
Project("{FAE04EC0-301F-11D3-BF4B-00C04F79EFBC}") = "Client", "Client\Client.csproj", "{4B8D9DB9-6A41-4C78-8550-28B2951FD5D3}"
EndProject
Global
	GlobalSection(SolutionConfigurationPlatforms) = preSolution
		Debug|Any CPU = Debug|Any CPU
		Release|Any CPU = Release|Any CPU
	EndGlobalSection
	GlobalSection(ProjectConfigurationPlatforms) = postSolution
		{A28E618A-AB99-465C-A30F-770ACD2F6D2F}.Debug|Any CPU.ActiveCfg = Debug|Any CPU
		{A28E618A-AB99-465C-A30F-770ACD2F6D2F}.Debug|Any CPU.Build.0 = Debug|Any CPU
		{A28E618A-AB99-465C-A30F-770ACD2F6D2F}.Release|Any CPU.ActiveCfg = Release|Any CPU
		{A28E618A-AB99-465C-A30F-770ACD2F6D2F}.Release|Any CPU.Build.0 = Release|Any CPU
		{F6CEBE18-2C90-473D-A2AB-C1EF0255A608}.Debug|Any CPU.ActiveCfg = Debug|Any CPU
		{F6CEBE18-2C90-473D-A2AB-C1EF0255A608}.Debug|Any CPU.Build.0 = Debug|Any CPU
		{F6CEBE18-2C90-473D-A2AB-C1EF0255A608}.Release|Any CPU.ActiveCfg = Release|Any CPU
		{F6CEBE18-2C90-473D-A2AB-C1EF0255A608}.Release|Any CPU.Build.0 = Release|Any CPU
		{4B8D9DB9-6A41-4C78-8550-28B2951FD5D3}.Debug|Any CPU.ActiveCfg = Debug|Any CPU
		{4B8D9DB9-6A41-4C78-8550-28B2951FD5D3}.Debug|Any CPU.Build.0 = Debug|Any CPU
		{4B8D9DB9-6A41-4C78-8550-28B2951FD5D3}.Release|Any CPU.ActiveCfg = Release|Any CPU
		{4B8D9DB9-6A41-4C78-8550-28B2951FD5D3}.Release|Any CPU.Build.0 = Release|Any CPU
	EndGlobalSection
	GlobalSection(SolutionProperties) = preSolution
		HideSolutionNode = FALSE
	EndGlobalSection
	GlobalSection(ExtensibilityGlobals) = postSolution
		SolutionGuid = {45B90B80-F594-4791-9F66-F57891BB9E40}
	EndGlobalSection
EndGlobal
